uuid: 9cb5b7b2-a56a-41a5-8105-fa7a5bfa8ace
langcode: en
status: false
dependencies:
  config:
    - views.view.who_s_online
  module:
    - views
  theme:
    - sub_
id: sub__views_block__who_s_online_who_s_online_block
theme: sub_
region: sidebar_first
weight: 0
provider: null
plugin: 'views_block:who_s_online-who_s_online_block'
settings:
  id: 'views_block:who_s_online-who_s_online_block'
  label: ''
  provider: views
  label_display: visible
  views_label: ''
  items_per_page: '5'
visibility: {  }
