uuid: a99ca826-e163-461c-bfa5-2a9f300ef0fb
langcode: en
status: false
dependencies:
  config:
    - views.view.who_s_online
  module:
    - views
  theme:
    - bartik_sub
id: bartik_sub_views_block__who_s_online_who_s_online_block
theme: bartik_sub
region: sidebar_first
weight: 0
provider: null
plugin: 'views_block:who_s_online-who_s_online_block'
settings:
  id: 'views_block:who_s_online-who_s_online_block'
  label: ''
  provider: views
  label_display: visible
  views_label: ''
  items_per_page: '5'
visibility: {  }
