uuid: 800b831b-e1d6-4896-8360-71768e4c8237
langcode: en
status: false
dependencies:
  config:
    - views.view.who_s_online
  module:
    - views
  theme:
    - bootstrapsub
id: bootstrapsub_views_block__who_s_online_who_s_online_block
theme: bootstrapsub
region: sidebar_first
weight: 0
provider: null
plugin: 'views_block:who_s_online-who_s_online_block'
settings:
  id: 'views_block:who_s_online-who_s_online_block'
  label: ''
  provider: views
  label_display: visible
  views_label: ''
  items_per_page: '5'
visibility: {  }
